// !$*UTF8*$!
{
	archiveVersion = 1;
	classes = {
	};
	objectVersion = 77;
	objects = {

/* Begin PBXBuildFile section */
		11012A59C87A5E4F4F699EAB /* MembershipStore.swift in Sources */ = {isa = PBXBuildFile; fileRef = 3F132C7B14F61643EC0DCFC8 /* MembershipStore.swift */; };
		260FD7864B3D45643510AEDE /* MembershipGateView.swift in Sources */ = {isa = PBXBuildFile; fileRef = E1721308FD229E3CBF79350C /* MembershipGateView.swift */; };
		26E4170D4EF53BB52D1BD8D7 /* PrayerScheduleView.swift in Sources */ = {isa = PBXBuildFile; fileRef = 096DA58FD63F1CE55F1B1B05 /* PrayerScheduleView.swift */; };
		30DA064B23B5E13243904E89 /* PrayerFocusSession.swift in Sources */ = {isa = PBXBuildFile; fileRef = 79F539B8DCB361F182E11D5A /* PrayerFocusSession.swift */; };
		356FA37F63316A9C1436C794 /* MembershipPaywallUITests.swift in Sources */ = {isa = PBXBuildFile; fileRef = 6134154E03B4AA7CFB5F7985 /* MembershipPaywallUITests.swift */; };
		390A8A86E195AEBBD699F63B /* Assets.xcassets in Resources */ = {isa = PBXBuildFile; fileRef = E2746B8C6D4FE64ECDA40260 /* Assets.xcassets */; };
		4D93176E80FB5787532AFA70 /* PrayerHeroView.swift in Sources */ = {isa = PBXBuildFile; fileRef = 00087EF3F8DEE7ECB240C45E /* PrayerHeroView.swift */; };
		55F528B11569B0664BC34ADC /* FamilyControls.framework in Frameworks */ = {isa = PBXBuildFile; fileRef = FD25194F9A5A4249D3627FF4 /* FamilyControls.framework */; };
		5C2BE81E7F6DC3F9B0DA7228 /* PrayerFocusSessionTests.swift in Sources */ = {isa = PBXBuildFile; fileRef = FED9CA6368BC1E6366926987 /* PrayerFocusSessionTests.swift */; };
		5EA4B08A4B9D6048B349DF86 /* MembershipPaywallView.swift in Sources */ = {isa = PBXBuildFile; fileRef = 0891F4A8044172A5AEB4D489 /* MembershipPaywallView.swift */; };
		69FC14DE268FB8728977C63F /* FocusSettingsView.swift in Sources */ = {isa = PBXBuildFile; fileRef = 8D468E2CD6DA747116120223 /* FocusSettingsView.swift */; };
		7265B38E0914166BF231D530 /* Prayer.swift in Sources */ = {isa = PBXBuildFile; fileRef = 2F3F7FCE3EFF58E46AC73042 /* Prayer.swift */; };
		8A1729A17C3C00C90CF4E672 /* MembershipPlan.swift in Sources */ = {isa = PBXBuildFile; fileRef = 7736001BEA8E857987B6833B /* MembershipPlan.swift */; };
		9143DDDA04D50CC1E165F718 /* PrayerTheme.swift in Sources */ = {isa = PBXBuildFile; fileRef = 6A00E09DC2B59AFD258C2CA7 /* PrayerTheme.swift */; };
		A08D2BACBAF93C1C28159B06 /* PrayerFocusApp.swift in Sources */ = {isa = PBXBuildFile; fileRef = 255D973F557A2A26333DDC47 /* PrayerFocusApp.swift */; };
		D90FC695FDF7C5D509084A0E /* TodayView.swift in Sources */ = {isa = PBXBuildFile; fileRef = A75E346F3F0C22B21D73DD6F /* TodayView.swift */; };
		DFB2833C77D6DB87C1BE2D01 /* ScreenTimeService.swift in Sources */ = {isa = PBXBuildFile; fileRef = 615EF22F7FD9BBF57153DF30 /* ScreenTimeService.swift */; };
/* End PBXBuildFile section */

/* Begin PBXContainerItemProxy section */
		51AFE6BF73D59CB1E82183F6 /* PBXContainerItemProxy */ = {
			isa = PBXContainerItemProxy;
			containerPortal = 1BB7397127FE0312D07D5B93 /* Project object */;
			proxyType = 1;
			remoteGlobalIDString = C6D440D902C078F100046FCB;
			remoteInfo = PrayerFocus;
		};
		EDB2AE45E02379A4573591E1 /* PBXContainerItemProxy */ = {
			isa = PBXContainerItemProxy;
			containerPortal = 1BB7397127FE0312D07D5B93 /* Project object */;
			proxyType = 1;
			remoteGlobalIDString = C6D440D902C078F100046FCB;
			remoteInfo = PrayerFocus;
		};
/* End PBXContainerItemProxy section */

/* Begin PBXFileReference section */
		00087EF3F8DEE7ECB240C45E /* PrayerHeroView.swift */ = {isa = PBXFileReference; lastKnownFileType = sourcecode.swift; path = PrayerHeroView.swift; sourceTree = "<group>"; };
		0891F4A8044172A5AEB4D489 /* MembershipPaywallView.swift */ = {isa = PBXFileReference; lastKnownFileType = sourcecode.swift; path = MembershipPaywallView.swift; sourceTree = "<group>"; };
		096DA58FD63F1CE55F1B1B05 /* PrayerScheduleView.swift */ = {isa = PBXFileReference; lastKnownFileType = sourcecode.swift; path = PrayerScheduleView.swift; sourceTree = "<group>"; };
		1260EEE8FFE4139AF8976433 /* PrayerFocusUITests.xctest */ = {isa = PBXFileReference; includeInIndex = 0; lastKnownFileType = wrapper.cfbundle; path = PrayerFocusUITests.xctest; sourceTree = BUILT_PRODUCTS_DIR; };
		255D973F557A2A26333DDC47 /* PrayerFocusApp.swift */ = {isa = PBXFileReference; lastKnownFileType = sourcecode.swift; path = PrayerFocusApp.swift; sourceTree = "<group>"; };
		2F3F7FCE3EFF58E46AC73042 /* Prayer.swift */ = {isa = PBXFileReference; lastKnownFileType = sourcecode.swift; path = Prayer.swift; sourceTree = "<group>"; };
		3F132C7B14F61643EC0DCFC8 /* MembershipStore.swift */ = {isa = PBXFileReference; lastKnownFileType = sourcecode.swift; path = MembershipStore.swift; sourceTree = "<group>"; };
		528A3A184DFEB5083F3CEEF6 /* PrayerFocusTests.xctest */ = {isa = PBXFileReference; includeInIndex = 0; lastKnownFileType = wrapper.cfbundle; path = PrayerFocusTests.xctest; sourceTree = BUILT_PRODUCTS_DIR; };
		6134154E03B4AA7CFB5F7985 /* MembershipPaywallUITests.swift */ = {isa = PBXFileReference; lastKnownFileType = sourcecode.swift; path = MembershipPaywallUITests.swift; sourceTree = "<group>"; };
		615EF22F7FD9BBF57153DF30 /* ScreenTimeService.swift */ = {isa = PBXFileReference; lastKnownFileType = sourcecode.swift; path = ScreenTimeService.swift; sourceTree = "<group>"; };
		6A00E09DC2B59AFD258C2CA7 /* PrayerTheme.swift */ = {isa = PBXFileReference; lastKnownFileType = sourcecode.swift; path = PrayerTheme.swift; sourceTree = "<group>"; };
		7736001BEA8E857987B6833B /* MembershipPlan.swift */ = {isa = PBXFileReference; lastKnownFileType = sourcecode.swift; path = MembershipPlan.swift; sourceTree = "<group>"; };
		79F539B8DCB361F182E11D5A /* PrayerFocusSession.swift */ = {isa = PBXFileReference; lastKnownFileType = sourcecode.swift; path = PrayerFocusSession.swift; sourceTree = "<group>"; };
		8D468E2CD6DA747116120223 /* FocusSettingsView.swift */ = {isa = PBXFileReference; lastKnownFileType = sourcecode.swift; path = FocusSettingsView.swift; sourceTree = "<group>"; };
		A75E346F3F0C22B21D73DD6F /* TodayView.swift */ = {isa = PBXFileReference; lastKnownFileType = sourcecode.swift; path = TodayView.swift; sourceTree = "<group>"; };
		AD5DF40FDDC56E559B88CE6E /* PrayerFocus.app */ = {isa = PBXFileReference; includeInIndex = 0; lastKnownFileType = wrapper.application; path = PrayerFocus.app; sourceTree = BUILT_PRODUCTS_DIR; };
		E1721308FD229E3CBF79350C /* MembershipGateView.swift */ = {isa = PBXFileReference; lastKnownFileType = sourcecode.swift; path = MembershipGateView.swift; sourceTree = "<group>"; };
		E2746B8C6D4FE64ECDA40260 /* Assets.xcassets */ = {isa = PBXFileReference; lastKnownFileType = folder.assetcatalog; path = Assets.xcassets; sourceTree = "<group>"; };
		FD25194F9A5A4249D3627FF4 /* FamilyControls.framework */ = {isa = PBXFileReference; lastKnownFileType = wrapper.framework; name = FamilyControls.framework; path = System/Library/Frameworks/FamilyControls.framework; sourceTree = SDKROOT; };
		FED9CA6368BC1E6366926987 /* PrayerFocusSessionTests.swift */ = {isa = PBXFileReference; lastKnownFileType = sourcecode.swift; path = PrayerFocusSessionTests.swift; sourceTree = "<group>"; };
/* End PBXFileReference section */

/* Begin PBXFrameworksBuildPhase section */
		F8BF19B21DA241E0A878B5C2 /* Frameworks */ = {
			isa = PBXFrameworksBuildPhase;
			buildActionMask = 2147483647;
			files = (
				55F528B11569B0664BC34ADC /* FamilyControls.framework in Frameworks */,
			);
			runOnlyForDeploymentPostprocessing = 0;
		};
/* End PBXFrameworksBuildPhase section */

/* Begin PBXGroup section */
		00E3250DDD61C1E52DEF780A /* Membership */ = {
			isa = PBXGroup;
			children = (
				E1721308FD229E3CBF79350C /* MembershipGateView.swift */,
				0891F4A8044172A5AEB4D489 /* MembershipPaywallView.swift */,
				7736001BEA8E857987B6833B /* MembershipPlan.swift */,
			);
			path = Membership;
			sourceTree = "<group>";
		};
		1C2B92BF5DB782EC9BF1303F /* PrayerFocusTests */ = {
			isa = PBXGroup;
			children = (
				FED9CA6368BC1E6366926987 /* PrayerFocusSessionTests.swift */,
			);
			path = PrayerFocusTests;
			sourceTree = "<group>";
		};
		36B6F8BCCD38266F44E1DA73 /* Frameworks */ = {
			isa = PBXGroup;
			children = (
				FD25194F9A5A4249D3627FF4 /* FamilyControls.framework */,
			);
			name = Frameworks;
			sourceTree = "<group>";
		};
		406229AF03DEB7BC3CAEFB5F /* Settings */ = {
			isa = PBXGroup;
			children = (
				8D468E2CD6DA747116120223 /* FocusSettingsView.swift */,
			);
			path = Settings;
			sourceTree = "<group>";
		};
		473A16015D71B5DBD177FEA8 /* Today */ = {
			isa = PBXGroup;
			children = (
				00087EF3F8DEE7ECB240C45E /* PrayerHeroView.swift */,
				096DA58FD63F1CE55F1B1B05 /* PrayerScheduleView.swift */,
				A75E346F3F0C22B21D73DD6F /* TodayView.swift */,
			);
			path = Today;
			sourceTree = "<group>";
		};
		52C565EB2113125CF8D562BF /* Features */ = {
			isa = PBXGroup;
			children = (
				00E3250DDD61C1E52DEF780A /* Membership */,
				406229AF03DEB7BC3CAEFB5F /* Settings */,
				473A16015D71B5DBD177FEA8 /* Today */,
			);
			path = Features;
			sourceTree = "<group>";
		};
		7D922E80433D7D7B8DF5FA5F /* PrayerFocusUITests */ = {
			isa = PBXGroup;
			children = (
				6134154E03B4AA7CFB5F7985 /* MembershipPaywallUITests.swift */,
			);
			path = PrayerFocusUITests;
			sourceTree = "<group>";
		};
		87460FE8181EE39609793F8B /* App */ = {
			isa = PBXGroup;
			children = (
				255D973F557A2A26333DDC47 /* PrayerFocusApp.swift */,
			);
			path = App;
			sourceTree = "<group>";
		};
		87E424EBA1A0DEE433E170E7 /* Services */ = {
			isa = PBXGroup;
			children = (
				3F132C7B14F61643EC0DCFC8 /* MembershipStore.swift */,
				615EF22F7FD9BBF57153DF30 /* ScreenTimeService.swift */,
			);
			path = Services;
			sourceTree = "<group>";
		};
		8F5B38B8EE0E5A6D1C22747B /* PrayerFocusApp */ = {
			isa = PBXGroup;
			children = (
				87460FE8181EE39609793F8B /* App */,
				CD2215B3C8682591FC49392A /* Design */,
				FA209478C9B4CF9DFF6D2414 /* Domain */,
				52C565EB2113125CF8D562BF /* Features */,
				E891860763AB542E87E1C597 /* Resources */,
				87E424EBA1A0DEE433E170E7 /* Services */,
			);
			path = PrayerFocusApp;
			sourceTree = "<group>";
		};
		A435D996874C55455C30E313 /* Products */ = {
			isa = PBXGroup;
			children = (
				AD5DF40FDDC56E559B88CE6E /* PrayerFocus.app */,
				528A3A184DFEB5083F3CEEF6 /* PrayerFocusTests.xctest */,
				1260EEE8FFE4139AF8976433 /* PrayerFocusUITests.xctest */,
			);
			name = Products;
			sourceTree = "<group>";
		};
		CD2215B3C8682591FC49392A /* Design */ = {
			isa = PBXGroup;
			children = (
				6A00E09DC2B59AFD258C2CA7 /* PrayerTheme.swift */,
			);
			path = Design;
			sourceTree = "<group>";
		};
		E891860763AB542E87E1C597 /* Resources */ = {
			isa = PBXGroup;
			children = (
				E2746B8C6D4FE64ECDA40260 /* Assets.xcassets */,
			);
			path = Resources;
			sourceTree = "<group>";
		};
		EFE61B1C40C88CE371294258 = {
			isa = PBXGroup;
			children = (
				8F5B38B8EE0E5A6D1C22747B /* PrayerFocusApp */,
				1C2B92BF5DB782EC9BF1303F /* PrayerFocusTests */,
				7D922E80433D7D7B8DF5FA5F /* PrayerFocusUITests */,
				36B6F8BCCD38266F44E1DA73 /* Frameworks */,
				A435D996874C55455C30E313 /* Products */,
			);
			sourceTree = "<group>";
		};
		FA209478C9B4CF9DFF6D2414 /* Domain */ = {
			isa = PBXGroup;
			children = (
				2F3F7FCE3EFF58E46AC73042 /* Prayer.swift */,
				79F539B8DCB361F182E11D5A /* PrayerFocusSession.swift */,
			);
			path = Domain;
			sourceTree = "<group>";
		};
/* End PBXGroup section */

/* Begin PBXNativeTarget section */
		C6D440D902C078F100046FCB /* PrayerFocus */ = {
			isa = PBXNativeTarget;
			buildConfigurationList = 54C1F3E7862E702572225CD5 /* Build configuration list for PBXNativeTarget "PrayerFocus" */;
			buildPhases = (
				1F5F1C692A382F7E093C43A1 /* Sources */,
				CF7F4D1933021B6D7E6008D4 /* Resources */,
				F8BF19B21DA241E0A878B5C2 /* Frameworks */,
			);
			buildRules = (
			);
			dependencies = (
			);
			name = PrayerFocus;
			packageProductDependencies = (
			);
			productName = PrayerFocus;
			productReference = AD5DF40FDDC56E559B88CE6E /* PrayerFocus.app */;
			productType = "com.apple.product-type.application";
		};
		DBC43C19D4E7C6BAF0A486C3 /* PrayerFocusUITests */ = {
			isa = PBXNativeTarget;
			buildConfigurationList = CFEE87297CB6444CBB2D5658 /* Build configuration list for PBXNativeTarget "PrayerFocusUITests" */;
			buildPhases = (
				AEC0FFFBF1DE0E46561BA903 /* Sources */,
			);
			buildRules = (
			);
			dependencies = (
				447559D29D30E93CE1F11637 /* PBXTargetDependency */,
			);
			name = PrayerFocusUITests;
			packageProductDependencies = (
			);
			productName = PrayerFocusUITests;
			productReference = 1260EEE8FFE4139AF8976433 /* PrayerFocusUITests.xctest */;
			productType = "com.apple.product-type.bundle.ui-testing";
		};
		E025E757B37029EEE3AB8939 /* PrayerFocusTests */ = {
			isa = PBXNativeTarget;
			buildConfigurationList = 4F5BC43007E07E51CE0B49A0 /* Build configuration list for PBXNativeTarget "PrayerFocusTests" */;
			buildPhases = (
				24C3E5578A9E3081F95A2BA3 /* Sources */,
			);
			buildRules = (
			);
			dependencies = (
				6B7D9D437481EEB477990907 /* PBXTargetDependency */,
			);
			name = PrayerFocusTests;
			packageProductDependencies = (
			);
			productName = PrayerFocusTests;
			productReference = 528A3A184DFEB5083F3CEEF6 /* PrayerFocusTests.xctest */;
			productType = "com.apple.product-type.bundle.unit-test";
		};
/* End PBXNativeTarget section */

/* Begin PBXProject section */
		1BB7397127FE0312D07D5B93 /* Project object */ = {
			isa = PBXProject;
			attributes = {
				BuildIndependentTargetsInParallel = YES;
				LastUpgradeCheck = 1430;
				TargetAttributes = {
					DBC43C19D4E7C6BAF0A486C3 = {
						TestTargetID = C6D440D902C078F100046FCB;
					};
				};
			};
			buildConfigurationList = A639A221DE2BDE696D98B435 /* Build configuration list for PBXProject "PrayerFocus" */;
			developmentRegion = en;
			hasScannedForEncodings = 0;
			knownRegions = (
				Base,
				en,
			);
			mainGroup = EFE61B1C40C88CE371294258;
			minimizedProjectReferenceProxies = 1;
			preferredProjectObjectVersion = 77;
			productRefGroup = A435D996874C55455C30E313 /* Products */;
			projectDirPath = "";
			projectRoot = "";
			targets = (
				C6D440D902C078F100046FCB /* PrayerFocus */,
				E025E757B37029EEE3AB8939 /* PrayerFocusTests */,
				DBC43C19D4E7C6BAF0A486C3 /* PrayerFocusUITests */,
			);
		};
/* End PBXProject section */

/* Begin PBXResourcesBuildPhase section */
		CF7F4D1933021B6D7E6008D4 /* Resources */ = {
			isa = PBXResourcesBuildPhase;
			buildActionMask = 2147483647;
			files = (
				390A8A86E195AEBBD699F63B /* Assets.xcassets in Resources */,
			);
			runOnlyForDeploymentPostprocessing = 0;
		};
/* End PBXResourcesBuildPhase section */

/* Begin PBXSourcesBuildPhase section */
		1F5F1C692A382F7E093C43A1 /* Sources */ = {
			isa = PBXSourcesBuildPhase;
			buildActionMask = 2147483647;
			files = (
				69FC14DE268FB8728977C63F /* FocusSettingsView.swift in Sources */,
				260FD7864B3D45643510AEDE /* MembershipGateView.swift in Sources */,
				5EA4B08A4B9D6048B349DF86 /* MembershipPaywallView.swift in Sources */,
				8A1729A17C3C00C90CF4E672 /* MembershipPlan.swift in Sources */,
				11012A59C87A5E4F4F699EAB /* MembershipStore.swift in Sources */,
				7265B38E0914166BF231D530 /* Prayer.swift in Sources */,
				A08D2BACBAF93C1C28159B06 /* PrayerFocusApp.swift in Sources */,
				30DA064B23B5E13243904E89 /* PrayerFocusSession.swift in Sources */,
				4D93176E80FB5787532AFA70 /* PrayerHeroView.swift in Sources */,
				26E4170D4EF53BB52D1BD8D7 /* PrayerScheduleView.swift in Sources */,
				9143DDDA04D50CC1E165F718 /* PrayerTheme.swift in Sources */,
				DFB2833C77D6DB87C1BE2D01 /* ScreenTimeService.swift in Sources */,
				D90FC695FDF7C5D509084A0E /* TodayView.swift in Sources */,
			);
			runOnlyForDeploymentPostprocessing = 0;
		};
		24C3E5578A9E3081F95A2BA3 /* Sources */ = {
			isa = PBXSourcesBuildPhase;
			buildActionMask = 2147483647;
			files = (
				5C2BE81E7F6DC3F9B0DA7228 /* PrayerFocusSessionTests.swift in Sources */,
			);
			runOnlyForDeploymentPostprocessing = 0;
		};
		AEC0FFFBF1DE0E46561BA903 /* Sources */ = {
			isa = PBXSourcesBuildPhase;
			buildActionMask = 2147483647;
			files = (
				356FA37F63316A9C1436C794 /* MembershipPaywallUITests.swift in Sources */,
			);
			runOnlyForDeploymentPostprocessing = 0;
		};
/* End PBXSourcesBuildPhase section */

/* Begin PBXTargetDependency section */
		447559D29D30E93CE1F11637 /* PBXTargetDependency */ = {
			isa = PBXTargetDependency;
			target = C6D440D902C078F100046FCB /* PrayerFocus */;
			targetProxy = 51AFE6BF73D59CB1E82183F6 /* PBXContainerItemProxy */;
		};
		6B7D9D437481EEB477990907 /* PBXTargetDependency */ = {
			isa = PBXTargetDependency;
			target = C6D440D902C078F100046FCB /* PrayerFocus */;
			targetProxy = EDB2AE45E02379A4573591E1 /* PBXContainerItemProxy */;
		};
/* End PBXTargetDependency section */

/* Begin XCBuildConfiguration section */
		0522769B8E0993883DF7C2A6 /* Debug */ = {
			isa = XCBuildConfiguration;
			buildSettings = {
				BUNDLE_LOADER = "$(TEST_HOST)";
				GENERATE_INFOPLIST_FILE = YES;
				LD_RUNPATH_SEARCH_PATHS = (
					"$(inherited)",
					"@executable_path/Frameworks",
					"@loader_path/Frameworks",
				);
				PRODUCT_BUNDLE_IDENTIFIER = com.marsolab.PrayerFocusTests;
				SDKROOT = iphoneos;
				TARGETED_DEVICE_FAMILY = "1,2";
				TEST_HOST = "$(BUILT_PRODUCTS_DIR)/PrayerFocus.app/PrayerFocus";
			};
			name = Debug;
		};
		230C202820975D21E2D4BA50 /* Debug */ = {
			isa = XCBuildConfiguration;
			buildSettings = {
				ALWAYS_SEARCH_USER_PATHS = NO;
				CLANG_ANALYZER_NONNULL = YES;
				CLANG_ANALYZER_NUMBER_OBJECT_CONVERSION = YES_AGGRESSIVE;
				CLANG_CXX_LANGUAGE_STANDARD = "gnu++14";
				CLANG_CXX_LIBRARY = "libc++";
				CLANG_ENABLE_MODULES = YES;
				CLANG_ENABLE_OBJC_ARC = YES;
				CLANG_ENABLE_OBJC_WEAK = YES;
				CLANG_WARN_BLOCK_CAPTURE_AUTORELEASING = YES;
				CLANG_WARN_BOOL_CONVERSION = YES;
				CLANG_WARN_COMMA = YES;
				CLANG_WARN_CONSTANT_CONVERSION = YES;
				CLANG_WARN_DEPRECATED_OBJC_IMPLEMENTATIONS = YES;
				CLANG_WARN_DIRECT_OBJC_ISA_USAGE = YES_ERROR;
				CLANG_WARN_DOCUMENTATION_COMMENTS = YES;
				CLANG_WARN_EMPTY_BODY = YES;
				CLANG_WARN_ENUM_CONVERSION = YES;
				CLANG_WARN_INFINITE_RECURSION = YES;
				CLANG_WARN_INT_CONVERSION = YES;
				CLANG_WARN_NON_LITERAL_NULL_CONVERSION = YES;
				CLANG_WARN_OBJC_IMPLICIT_RETAIN_SELF = YES;
				CLANG_WARN_OBJC_LITERAL_CONVERSION = YES;
				CLANG_WARN_OBJC_ROOT_CLASS = YES_ERROR;
				CLANG_WARN_QUOTED_INCLUDE_IN_FRAMEWORK_HEADER = YES;
				CLANG_WARN_RANGE_LOOP_ANALYSIS = YES;
				CLANG_WARN_STRICT_PROTOTYPES = YES;
				CLANG_WARN_SUSPICIOUS_MOVE = YES;
				CLANG_WARN_UNGUARDED_AVAILABILITY = YES_AGGRESSIVE;
				CLANG_WARN_UNREACHABLE_CODE = YES;
				CLANG_WARN__DUPLICATE_METHOD_MATCH = YES;
				COPY_PHASE_STRIP = NO;
				CURRENT_PROJECT_VERSION = 1;
				DEBUG_INFORMATION_FORMAT = dwarf;
				ENABLE_STRICT_OBJC_MSGSEND = YES;
				ENABLE_TESTABILITY = YES;
				GCC_C_LANGUAGE_STANDARD = gnu11;
				GCC_DYNAMIC_NO_PIC = NO;
				GCC_NO_COMMON_BLOCKS = YES;
				GCC_OPTIMIZATION_LEVEL = 0;
				GCC_PREPROCESSOR_DEFINITIONS = (
					"$(inherited)",
					"DEBUG=1",
				);
				GCC_WARN_64_TO_32_BIT_CONVERSION = YES;
				GCC_WARN_ABOUT_RETURN_TYPE = YES_ERROR;
				GCC_WARN_UNDECLARED_SELECTOR = YES;
				GCC_WARN_UNINITIALIZED_AUTOS = YES_AGGRESSIVE;
				GCC_WARN_UNUSED_FUNCTION = YES;
				GCC_WARN_UNUSED_VARIABLE = YES;
				IPHONEOS_DEPLOYMENT_TARGET = 18.0;
				MARKETING_VERSION = 0.1.0;
				MTL_ENABLE_DEBUG_INFO = INCLUDE_SOURCE;
				MTL_FAST_MATH = YES;
				ONLY_ACTIVE_ARCH = YES;
				PRODUCT_NAME = "$(TARGET_NAME)";
				SDKROOT = iphoneos;
				SWIFT_ACTIVE_COMPILATION_CONDITIONS = DEBUG;
				SWIFT_OPTIMIZATION_LEVEL = "-Onone";
				SWIFT_VERSION = 6.0;
			};
			name = Debug;
		};
		387F44D2D422F68DC42334E9 /* Debug */ = {
			isa = XCBuildConfiguration;
			buildSettings = {
				BUNDLE_LOADER = "$(TEST_HOST)";
				GENERATE_INFOPLIST_FILE = YES;
				LD_RUNPATH_SEARCH_PATHS = (
					"$(inherited)",
					"@executable_path/Frameworks",
					"@loader_path/Frameworks",
				);
				PRODUCT_BUNDLE_IDENTIFIER = com.marsolab.PrayerFocusUITests;
				SDKROOT = iphoneos;
				TARGETED_DEVICE_FAMILY = 1;
				TEST_TARGET_NAME = PrayerFocus;
			};
			name = Debug;
		};
		4BB102CE3E13E60E4DCF2C73 /* Release */ = {
			isa = XCBuildConfiguration;
			buildSettings = {
				ALWAYS_SEARCH_USER_PATHS = NO;
				CLANG_ANALYZER_NONNULL = YES;
				CLANG_ANALYZER_NUMBER_OBJECT_CONVERSION = YES_AGGRESSIVE;
				CLANG_CXX_LANGUAGE_STANDARD = "gnu++14";
				CLANG_CXX_LIBRARY = "libc++";
				CLANG_ENABLE_MODULES = YES;
				CLANG_ENABLE_OBJC_ARC = YES;
				CLANG_ENABLE_OBJC_WEAK = YES;
				CLANG_WARN_BLOCK_CAPTURE_AUTORELEASING = YES;
				CLANG_WARN_BOOL_CONVERSION = YES;
				CLANG_WARN_COMMA = YES;
				CLANG_WARN_CONSTANT_CONVERSION = YES;
				CLANG_WARN_DEPRECATED_OBJC_IMPLEMENTATIONS = YES;
				CLANG_WARN_DIRECT_OBJC_ISA_USAGE = YES_ERROR;
				CLANG_WARN_DOCUMENTATION_COMMENTS = YES;
				CLANG_WARN_EMPTY_BODY = YES;
				CLANG_WARN_ENUM_CONVERSION = YES;
				CLANG_WARN_INFINITE_RECURSION = YES;
				CLANG_WARN_INT_CONVERSION = YES;
				CLANG_WARN_NON_LITERAL_NULL_CONVERSION = YES;
				CLANG_WARN_OBJC_IMPLICIT_RETAIN_SELF = YES;
				CLANG_WARN_OBJC_LITERAL_CONVERSION = YES;
				CLANG_WARN_OBJC_ROOT_CLASS = YES_ERROR;
				CLANG_WARN_QUOTED_INCLUDE_IN_FRAMEWORK_HEADER = YES;
				CLANG_WARN_RANGE_LOOP_ANALYSIS = YES;
				CLANG_WARN_STRICT_PROTOTYPES = YES;
				CLANG_WARN_SUSPICIOUS_MOVE = YES;
				CLANG_WARN_UNGUARDED_AVAILABILITY = YES_AGGRESSIVE;
				CLANG_WARN_UNREACHABLE_CODE = YES;
				CLANG_WARN__DUPLICATE_METHOD_MATCH = YES;
				COPY_PHASE_STRIP = NO;
				CURRENT_PROJECT_VERSION = 1;
				DEBUG_INFORMATION_FORMAT = "dwarf-with-dsym";
				ENABLE_NS_ASSERTIONS = NO;
				ENABLE_STRICT_OBJC_MSGSEND = YES;
				GCC_C_LANGUAGE_STANDARD = gnu11;
				GCC_NO_COMMON_BLOCKS = YES;
				GCC_WARN_64_TO_32_BIT_CONVERSION = YES;
				GCC_WARN_ABOUT_RETURN_TYPE = YES_ERROR;
				GCC_WARN_UNDECLARED_SELECTOR = YES;
				GCC_WARN_UNINITIALIZED_AUTOS = YES_AGGRESSIVE;
				GCC_WARN_UNUSED_FUNCTION = YES;
				GCC_WARN_UNUSED_VARIABLE = YES;
				IPHONEOS_DEPLOYMENT_TARGET = 18.0;
				MARKETING_VERSION = 0.1.0;
				MTL_ENABLE_DEBUG_INFO = NO;
				MTL_FAST_MATH = YES;
				PRODUCT_NAME = "$(TARGET_NAME)";
				SDKROOT = iphoneos;
				SWIFT_COMPILATION_MODE = wholemodule;
				SWIFT_OPTIMIZATION_LEVEL = "-O";
				SWIFT_VERSION = 6.0;
			};
			name = Release;
		};
		4BD7588DD71D9CA536CE8103 /* Release */ = {
			isa = XCBuildConfiguration;
			buildSettings = {
				ASSETCATALOG_COMPILER_APPICON_NAME = "";
				ASSETCATALOG_COMPILER_GLOBAL_ACCENT_COLOR_NAME = AccentColor;
				CODE_SIGN_IDENTITY = "iPhone Developer";
				GENERATE_INFOPLIST_FILE = YES;
				INFOPLIST_KEY_CFBundleDisplayName = "Prayer Focus";
				INFOPLIST_KEY_UILaunchScreen_Generation = YES;
				LD_RUNPATH_SEARCH_PATHS = (
					"$(inherited)",
					"@executable_path/Frameworks",
				);
				PRODUCT_BUNDLE_IDENTIFIER = com.marsolab.PrayerFocus;
				SDKROOT = iphoneos;
				SUPPORTS_MACCATALYST = NO;
				TARGETED_DEVICE_FAMILY = 1;
			};
			name = Release;
		};
		5046BC7DC84E725DA7ED3382 /* Debug */ = {
			isa = XCBuildConfiguration;
			buildSettings = {
				ASSETCATALOG_COMPILER_APPICON_NAME = "";
				ASSETCATALOG_COMPILER_GLOBAL_ACCENT_COLOR_NAME = AccentColor;
				CODE_SIGN_IDENTITY = "iPhone Developer";
				GENERATE_INFOPLIST_FILE = YES;
				INFOPLIST_KEY_CFBundleDisplayName = "Prayer Focus";
				INFOPLIST_KEY_UILaunchScreen_Generation = YES;
				LD_RUNPATH_SEARCH_PATHS = (
					"$(inherited)",
					"@executable_path/Frameworks",
				);
				PRODUCT_BUNDLE_IDENTIFIER = com.marsolab.PrayerFocus;
				SDKROOT = iphoneos;
				SUPPORTS_MACCATALYST = NO;
				TARGETED_DEVICE_FAMILY = 1;
			};
			name = Debug;
		};
		ABAEBF9ECBC2E03E30556EBE /* Release */ = {
			isa = XCBuildConfiguration;
			buildSettings = {
				BUNDLE_LOADER = "$(TEST_HOST)";
				GENERATE_INFOPLIST_FILE = YES;
				LD_RUNPATH_SEARCH_PATHS = (
					"$(inherited)",
					"@executable_path/Frameworks",
					"@loader_path/Frameworks",
				);
				PRODUCT_BUNDLE_IDENTIFIER = com.marsolab.PrayerFocusUITests;
				SDKROOT = iphoneos;
				TARGETED_DEVICE_FAMILY = 1;
				TEST_TARGET_NAME = PrayerFocus;
			};
			name = Release;
		};
		CD6B051FD91DD660C658E488 /* Release */ = {
			isa = XCBuildConfiguration;
			buildSettings = {
				BUNDLE_LOADER = "$(TEST_HOST)";
				GENERATE_INFOPLIST_FILE = YES;
				LD_RUNPATH_SEARCH_PATHS = (
					"$(inherited)",
					"@executable_path/Frameworks",
					"@loader_path/Frameworks",
				);
				PRODUCT_BUNDLE_IDENTIFIER = com.marsolab.PrayerFocusTests;
				SDKROOT = iphoneos;
				TARGETED_DEVICE_FAMILY = "1,2";
				TEST_HOST = "$(BUILT_PRODUCTS_DIR)/PrayerFocus.app/PrayerFocus";
			};
			name = Release;
		};
/* End XCBuildConfiguration section */

/* Begin XCConfigurationList section */
		4F5BC43007E07E51CE0B49A0 /* Build configuration list for PBXNativeTarget "PrayerFocusTests" */ = {
			isa = XCConfigurationList;
			buildConfigurations = (
				0522769B8E0993883DF7C2A6 /* Debug */,
				CD6B051FD91DD660C658E488 /* Release */,
			);
			defaultConfigurationIsVisible = 0;
			defaultConfigurationName = Debug;
		};
		54C1F3E7862E702572225CD5 /* Build configuration list for PBXNativeTarget "PrayerFocus" */ = {
			isa = XCConfigurationList;
			buildConfigurations = (
				5046BC7DC84E725DA7ED3382 /* Debug */,
				4BD7588DD71D9CA536CE8103 /* Release */,
			);
			defaultConfigurationIsVisible = 0;
			defaultConfigurationName = Debug;
		};
		A639A221DE2BDE696D98B435 /* Build configuration list for PBXProject "PrayerFocus" */ = {
			isa = XCConfigurationList;
			buildConfigurations = (
				230C202820975D21E2D4BA50 /* Debug */,
				4BB102CE3E13E60E4DCF2C73 /* Release */,
			);
			defaultConfigurationIsVisible = 0;
			defaultConfigurationName = Debug;
		};
		CFEE87297CB6444CBB2D5658 /* Build configuration list for PBXNativeTarget "PrayerFocusUITests" */ = {
			isa = XCConfigurationList;
			buildConfigurations = (
				387F44D2D422F68DC42334E9 /* Debug */,
				ABAEBF9ECBC2E03E30556EBE /* Release */,
			);
			defaultConfigurationIsVisible = 0;
			defaultConfigurationName = Debug;
		};
/* End XCConfigurationList section */
	};
	rootObject = 1BB7397127FE0312D07D5B93 /* Project object */;
}
